// !$*UTF8*$!
{
	archiveVersion = 1;
	classes = {
	};
	objectVersion = 77;
	objects = {

/* Begin PBXBuildFile section */
		00431B212ED08FD0005C5B4C /* SocketIO in Frameworks */ = {isa = PBXBuildFile; productRef = 00431B202ED08FD0005C5B4C /* SocketIO */; };
		00560EA62EC08F4D00D2AA0A /* GoogleSignIn in Frameworks */ = {isa = PBXBuildFile; productRef = 00560EA52EC08F4D00D2AA0A /* GoogleSignIn */; };
		00560EA82EC08F4D00D2AA0A /* GoogleSignInSwift in Frameworks */ = {isa = PBXBuildFile; productRef = 00560EA72EC08F4D00D2AA0A /* GoogleSignInSwift */; };
		00F6A96B2ED4934700685C59 /* Stripe in Frameworks */ = {isa = PBXBuildFile; productRef = 00F6A96A2ED4934700685C59 /* Stripe */; };
		00F6A96D2ED4934700685C59 /* StripeApplePay in Frameworks */ = {isa = PBXBuildFile; productRef = 00F6A96C2ED4934700685C59 /* StripeApplePay */; };
		00F6A96F2ED4934700685C59 /* StripeCardScan in Frameworks */ = {isa = PBXBuildFile; productRef = 00F6A96E2ED4934700685C59 /* StripeCardScan */; };
		00F6A9712ED4934700685C59 /* StripeConnect in Frameworks */ = {isa = PBXBuildFile; productRef = 00F6A9702ED4934700685C59 /* StripeConnect */; };
		00F6A9732ED4934700685C59 /* StripeFinancialConnections in Frameworks */ = {isa = PBXBuildFile; productRef = 00F6A9722ED4934700685C59 /* StripeFinancialConnections */; };
		00F6A9752ED4934700685C59 /* StripeIdentity in Frameworks */ = {isa = PBXBuildFile; productRef = 00F6A9742ED4934700685C59 /* StripeIdentity */; };
		00F6A9772ED4934700685C59 /* StripeIssuing in Frameworks */ = {isa = PBXBuildFile; productRef = 00F6A9762ED4934700685C59 /* StripeIssuing */; };
		00F6A9792ED4934700685C59 /* StripePaymentSheet in Frameworks */ = {isa = PBXBuildFile; productRef = 00F6A9782ED4934700685C59 /* StripePaymentSheet */; };
		00F6A97B2ED4934700685C59 /* StripePayments in Frameworks */ = {isa = PBXBuildFile; productRef = 00F6A97A2ED4934700685C59 /* StripePayments */; };
		00F6A97D2ED4934700685C59 /* StripePaymentsUI in Frameworks */ = {isa = PBXBuildFile; productRef = 00F6A97C2ED4934700685C59 /* StripePaymentsUI */; };
/* End PBXBuildFile section */

/* Begin PBXContainerItemProxy section */
		FAE11C8E2EB7D2C400A1E406 /* PBXContainerItemProxy */ = {
			isa = PBXContainerItemProxy;
			containerPortal = FAE11C732EB7D2C200A1E406 /* Project object */;
			proxyType = 1;
			remoteGlobalIDString = FAE11C7A2EB7D2C300A1E406;
			remoteInfo = Labasniios;
		};
		FAE11C982EB7D2C400A1E406 /* PBXContainerItemProxy */ = {
			isa = PBXContainerItemProxy;
			containerPortal = FAE11C732EB7D2C200A1E406 /* Project object */;
			proxyType = 1;
			remoteGlobalIDString = FAE11C7A2EB7D2C300A1E406;
			remoteInfo = Labasniios;
		};
/* End PBXContainerItemProxy section */

/* Begin PBXFileReference section */
		FAE11C7B2EB7D2C300A1E406 /* Labasniios.app */ = {isa = PBXFileReference; explicitFileType = wrapper.application; includeInIndex = 0; path = Labasniios.app; sourceTree = BUILT_PRODUCTS_DIR; };
		FAE11C8D2EB7D2C400A1E406 /* LabasniiosTests.xctest */ = {isa = PBXFileReference; explicitFileType = wrapper.cfbundle; includeInIndex = 0; path = LabasniiosTests.xctest; sourceTree = BUILT_PRODUCTS_DIR; };
		FAE11C972EB7D2C400A1E406 /* LabasniiosUITests.xctest */ = {isa = PBXFileReference; explicitFileType = wrapper.cfbundle; includeInIndex = 0; path = LabasniiosUITests.xctest; sourceTree = BUILT_PRODUCTS_DIR; };
/* End PBXFileReference section */

/* Begin PBXFileSystemSynchronizedBuildFileExceptionSet section */
		00560EB02EC098E700D2AA0A /* Exceptions for "Labasniios" folder in "Labasniios" target */ = {
			isa = PBXFileSystemSynchronizedBuildFileExceptionSet;
			membershipExceptions = (
				Info.plist,
			);
			target = FAE11C7A2EB7D2C300A1E406 /* Labasniios */;
		};
/* End PBXFileSystemSynchronizedBuildFileExceptionSet section */

/* Begin PBXFileSystemSynchronizedRootGroup section */
		FAE11C7D2EB7D2C300A1E406 /* Labasniios */ = {
			isa = PBXFileSystemSynchronizedRootGroup;
			exceptions = (
				00560EB02EC098E700D2AA0A /* Exceptions for "Labasniios" folder in "Labasniios" target */,
			);
			path = Labasniios;
			sourceTree = "<group>";
		};
		FAE11C902EB7D2C400A1E406 /* LabasniiosTests */ = {
			isa = PBXFileSystemSynchronizedRootGroup;
			path = LabasniiosTests;
			sourceTree = "<group>";
		};
		FAE11C9A2EB7D2C400A1E406 /* LabasniiosUITests */ = {
			isa = PBXFileSystemSynchronizedRootGroup;
			path = LabasniiosUITests;
			sourceTree = "<group>";
		};
/* End PBXFileSystemSynchronizedRootGroup section */

/* Begin PBXFrameworksBuildPhase section */
		FAE11C782EB7D2C300A1E406 /* Frameworks */ = {
			isa = PBXFrameworksBuildPhase;
			buildActionMask = 2147483647;
			files = (
				00F6A9752ED4934700685C59 /* StripeIdentity in Frameworks */,
				00F6A96F2ED4934700685C59 /* StripeCardScan in Frameworks */,
				00F6A9772ED4934700685C59 /* StripeIssuing in Frameworks */,
				00F6A9732ED4934700685C59 /* StripeFinancialConnections in Frameworks */,
				00F6A96D2ED4934700685C59 /* StripeApplePay in Frameworks */,
				00560EA62EC08F4D00D2AA0A /* GoogleSignIn in Frameworks */,
				00F6A97B2ED4934700685C59 /* StripePayments in Frameworks */,
				00F6A9712ED4934700685C59 /* StripeConnect in Frameworks */,
				00F6A96B2ED4934700685C59 /* Stripe in Frameworks */,
				00560EA82EC08F4D00D2AA0A /* GoogleSignInSwift in Frameworks */,
				00F6A9792ED4934700685C59 /* StripePaymentSheet in Frameworks */,
				00F6A97D2ED4934700685C59 /* StripePaymentsUI in Frameworks */,
				00431B212ED08FD0005C5B4C /* SocketIO in Frameworks */,
			);
			runOnlyForDeploymentPostprocessing = 0;
		};
		FAE11C8A2EB7D2C400A1E406 /* Frameworks */ = {
			isa = PBXFrameworksBuildPhase;
			buildActionMask = 2147483647;
			files = (
			);
			runOnlyForDeploymentPostprocessing = 0;
		};
		FAE11C942EB7D2C400A1E406 /* Frameworks */ = {
			isa = PBXFrameworksBuildPhase;
			buildActionMask = 2147483647;
			files = (
			);
			runOnlyForDeploymentPostprocessing = 0;
		};
/* End PBXFrameworksBuildPhase section */

/* Begin PBXGroup section */
		FAE11C722EB7D2C200A1E406 = {
			isa = PBXGroup;
			children = (
				FAE11C7D2EB7D2C300A1E406 /* Labasniios */,
				FAE11C902EB7D2C400A1E406 /* LabasniiosTests */,
				FAE11C9A2EB7D2C400A1E406 /* LabasniiosUITests */,
				FAE11C7C2EB7D2C300A1E406 /* Products */,
			);
			sourceTree = "<group>";
		};
		FAE11C7C2EB7D2C300A1E406 /* Products */ = {
			isa = PBXGroup;
			children = (
				FAE11C7B2EB7D2C300A1E406 /* Labasniios.app */,
				FAE11C8D2EB7D2C400A1E406 /* LabasniiosTests.xctest */,
				FAE11C972EB7D2C400A1E406 /* LabasniiosUITests.xctest */,
			);
			name = Products;
			sourceTree = "<group>";
		};
/* End PBXGroup section */

/* Begin PBXNativeTarget section */
		FAE11C7A2EB7D2C300A1E406 /* Labasniios */ = {
			isa = PBXNativeTarget;
			buildConfigurationList = FAE11CA12EB7D2C400A1E406 /* Build configuration list for PBXNativeTarget "Labasniios" */;
			buildPhases = (
				FAE11C772EB7D2C300A1E406 /* Sources */,
				FAE11C782EB7D2C300A1E406 /* Frameworks */,
				FAE11C792EB7D2C300A1E406 /* Resources */,
			);
			buildRules = (
			);
			dependencies = (
			);
			fileSystemSynchronizedGroups = (
				FAE11C7D2EB7D2C300A1E406 /* Labasniios */,
			);
			name = Labasniios;
			packageProductDependencies = (
				00560EA52EC08F4D00D2AA0A /* GoogleSignIn */,
				00560EA72EC08F4D00D2AA0A /* GoogleSignInSwift */,
				00431B202ED08FD0005C5B4C /* SocketIO */,
				00F6A96A2ED4934700685C59 /* Stripe */,
				00F6A96C2ED4934700685C59 /* StripeApplePay */,
				00F6A96E2ED4934700685C59 /* StripeCardScan */,
				00F6A9702ED4934700685C59 /* StripeConnect */,
				00F6A9722ED4934700685C59 /* StripeFinancialConnections */,
				00F6A9742ED4934700685C59 /* StripeIdentity */,
				00F6A9762ED4934700685C59 /* StripeIssuing */,
				00F6A9782ED4934700685C59 /* StripePaymentSheet */,
				00F6A97A2ED4934700685C59 /* StripePayments */,
				00F6A97C2ED4934700685C59 /* StripePaymentsUI */,
			);
			productName = Labasniios;
			productReference = FAE11C7B2EB7D2C300A1E406 /* Labasniios.app */;
			productType = "com.apple.product-type.application";
		};
		FAE11C8C2EB7D2C400A1E406 /* LabasniiosTests */ = {
			isa = PBXNativeTarget;
			buildConfigurationList = FAE11CA42EB7D2C400A1E406 /* Build configuration list for PBXNativeTarget "LabasniiosTests" */;
			buildPhases = (
				FAE11C892EB7D2C400A1E406 /* Sources */,
				FAE11C8A2EB7D2C400A1E406 /* Frameworks */,
				FAE11C8B2EB7D2C400A1E406 /* Resources */,
			);
			buildRules = (
			);
			dependencies = (
				FAE11C8F2EB7D2C400A1E406 /* PBXTargetDependency */,
			);
			fileSystemSynchronizedGroups = (
				FAE11C902EB7D2C400A1E406 /* LabasniiosTests */,
			);
			name = LabasniiosTests;
			packageProductDependencies = (
			);
			productName = LabasniiosTests;
			productReference = FAE11C8D2EB7D2C400A1E406 /* LabasniiosTests.xctest */;
			productType = "com.apple.product-type.bundle.unit-test";
		};
		FAE11C962EB7D2C400A1E406 /* LabasniiosUITests */ = {
			isa = PBXNativeTarget;
			buildConfigurationList = FAE11CA72EB7D2C400A1E406 /* Build configuration list for PBXNativeTarget "LabasniiosUITests" */;
			buildPhases = (
				FAE11C932EB7D2C400A1E406 /* Sources */,
				FAE11C942EB7D2C400A1E406 /* Frameworks */,
				FAE11C952EB7D2C400A1E406 /* Resources */,
			);
			buildRules = (
			);
			dependencies = (
				FAE11C992EB7D2C400A1E406 /* PBXTargetDependency */,
			);
			fileSystemSynchronizedGroups = (
				FAE11C9A2EB7D2C400A1E406 /* LabasniiosUITests */,
			);
			name = LabasniiosUITests;
			packageProductDependencies = (
			);
			productName = LabasniiosUITests;
			productReference = FAE11C972EB7D2C400A1E406 /* LabasniiosUITests.xctest */;
			productType = "com.apple.product-type.bundle.ui-testing";
		};
/* End PBXNativeTarget section */

/* Begin PBXProject section */
		FAE11C732EB7D2C200A1E406 /* Project object */ = {
			isa = PBXProject;
			attributes = {
				BuildIndependentTargetsInParallel = 1;
				LastSwiftUpdateCheck = 1640;
				LastUpgradeCheck = 1640;
				TargetAttributes = {
					FAE11C7A2EB7D2C300A1E406 = {
						CreatedOnToolsVersion = 16.4;
					};
					FAE11C8C2EB7D2C400A1E406 = {
						CreatedOnToolsVersion = 16.4;
						TestTargetID = FAE11C7A2EB7D2C300A1E406;
					};
					FAE11C962EB7D2C400A1E406 = {
						CreatedOnToolsVersion = 16.4;
						TestTargetID = FAE11C7A2EB7D2C300A1E406;
					};
				};
			};
			buildConfigurationList = FAE11C762EB7D2C200A1E406 /* Build configuration list for PBXProject "Labasniios" */;
			developmentRegion = en;
			hasScannedForEncodings = 0;
			knownRegions = (
				en,
				Base,
			);
			mainGroup = FAE11C722EB7D2C200A1E406;
			minimizedProjectReferenceProxies = 1;
			packageReferences = (
				00560EA42EC08F4D00D2AA0A /* XCRemoteSwiftPackageReference "GoogleSignIn-iOS" */,
				00431A762ED08D23005C5B4C /* XCRemoteSwiftPackageReference "socket" */,
				00F6A9692ED4934700685C59 /* XCRemoteSwiftPackageReference "stripe-ios" */,
			);
			preferredProjectObjectVersion = 77;
			productRefGroup = FAE11C7C2EB7D2C300A1E406 /* Products */;
			projectDirPath = "";
			projectRoot = "";
			targets = (
				FAE11C7A2EB7D2C300A1E406 /* Labasniios */,
				FAE11C8C2EB7D2C400A1E406 /* LabasniiosTests */,
				FAE11C962EB7D2C400A1E406 /* LabasniiosUITests */,
			);
		};
/* End PBXProject section */

/* Begin PBXResourcesBuildPhase section */
		FAE11C792EB7D2C300A1E406 /* Resources */ = {
			isa = PBXResourcesBuildPhase;
			buildActionMask = 2147483647;
			files = (
			);
			runOnlyForDeploymentPostprocessing = 0;
		};
		FAE11C8B2EB7D2C400A1E406 /* Resources */ = {
			isa = PBXResourcesBuildPhase;
			buildActionMask = 2147483647;
			files = (
			);
			runOnlyForDeploymentPostprocessing = 0;
		};
		FAE11C952EB7D2C400A1E406 /* Resources */ = {
			isa = PBXResourcesBuildPhase;
			buildActionMask = 2147483647;
			files = (
			);
			runOnlyForDeploymentPostprocessing = 0;
		};
/* End PBXResourcesBuildPhase section */

/* Begin PBXSourcesBuildPhase section */
		FAE11C772EB7D2C300A1E406 /* Sources */ = {
			isa = PBXSourcesBuildPhase;
			buildActionMask = 2147483647;
			files = (
			);
			runOnlyForDeploymentPostprocessing = 0;
		};
		FAE11C892EB7D2C400A1E406 /* Sources */ = {
			isa = PBXSourcesBuildPhase;
			buildActionMask = 2147483647;
			files = (
			);
			runOnlyForDeploymentPostprocessing = 0;
		};
		FAE11C932EB7D2C400A1E406 /* Sources */ = {
			isa = PBXSourcesBuildPhase;
			buildActionMask = 2147483647;
			files = (
			);
			runOnlyForDeploymentPostprocessing = 0;
		};
/* End PBXSourcesBuildPhase section */

/* Begin PBXTargetDependency section */
		FAE11C8F2EB7D2C400A1E406 /* PBXTargetDependency */ = {
			isa = PBXTargetDependency;
			target = FAE11C7A2EB7D2C300A1E406 /* Labasniios */;
			targetProxy = FAE11C8E2EB7D2C400A1E406 /* PBXContainerItemProxy */;
		};
		FAE11C992EB7D2C400A1E406 /* PBXTargetDependency */ = {
			isa = PBXTargetDependency;
			target = FAE11C7A2EB7D2C300A1E406 /* Labasniios */;
			targetProxy = FAE11C982EB7D2C400A1E406 /* PBXContainerItemProxy */;
		};
/* End PBXTargetDependency section */

/* Begin XCBuildConfiguration section */
		FAE11C9F2EB7D2C400A1E406 /* Debug */ = {
			isa = XCBuildConfiguration;
			buildSettings = {
				ALWAYS_SEARCH_USER_PATHS = NO;
				ASSETCATALOG_COMPILER_GENERATE_SWIFT_ASSET_SYMBOL_EXTENSIONS = YES;
				CLANG_ANALYZER_NONNULL = YES;
				CLANG_ANALYZER_NUMBER_OBJECT_CONVERSION = YES_AGGRESSIVE;
				CLANG_CXX_LANGUAGE_STANDARD = "gnu++20";
				CLANG_ENABLE_MODULES = YES;
				CLANG_ENABLE_OBJC_ARC = YES;
				CLANG_ENABLE_OBJC_WEAK = YES;
				CLANG_WARN_BLOCK_CAPTURE_AUTORELEASING = YES;
				CLANG_WARN_BOOL_CONVERSION = YES;
				CLANG_WARN_COMMA = YES;
				CLANG_WARN_CONSTANT_CONVERSION = YES;
				CLANG_WARN_DEPRECATED_OBJC_IMPLEMENTATIONS = YES;
				CLANG_WARN_DIRECT_OBJC_ISA_USAGE = YES_ERROR;
				CLANG_WARN_DOCUMENTATION_COMMENTS = YES;
				CLANG_WARN_EMPTY_BODY = YES;
				CLANG_WARN_ENUM_CONVERSION = YES;
				CLANG_WARN_INFINITE_RECURSION = YES;
				CLANG_WARN_INT_CONVERSION = YES;
				CLANG_WARN_NON_LITERAL_NULL_CONVERSION = YES;
				CLANG_WARN_OBJC_IMPLICIT_RETAIN_SELF = YES;
				CLANG_WARN_OBJC_LITERAL_CONVERSION = YES;
				CLANG_WARN_OBJC_ROOT_CLASS = YES_ERROR;
				CLANG_WARN_QUOTED_INCLUDE_IN_FRAMEWORK_HEADER = YES;
				CLANG_WARN_RANGE_LOOP_ANALYSIS = YES;
				CLANG_WARN_STRICT_PROTOTYPES = YES;
				CLANG_WARN_SUSPICIOUS_MOVE = YES;
				CLANG_WARN_UNGUARDED_AVAILABILITY = YES_AGGRESSIVE;
				CLANG_WARN_UNREACHABLE_CODE = YES;
				CLANG_WARN__DUPLICATE_METHOD_MATCH = YES;
				COPY_PHASE_STRIP = NO;
				DEBUG_INFORMATION_FORMAT = dwarf;
				ENABLE_STRICT_OBJC_MSGSEND = YES;
				ENABLE_TESTABILITY = YES;
				ENABLE_USER_SCRIPT_SANDBOXING = YES;
				GCC_C_LANGUAGE_STANDARD = gnu17;
				GCC_DYNAMIC_NO_PIC = NO;
				GCC_NO_COMMON_BLOCKS = YES;
				GCC_OPTIMIZATION_LEVEL = 0;
				GCC_PREPROCESSOR_DEFINITIONS = (
					"DEBUG=1",
					"$(inherited)",
				);
				GCC_WARN_64_TO_32_BIT_CONVERSION = YES;
				GCC_WARN_ABOUT_RETURN_TYPE = YES_ERROR;
				GCC_WARN_UNDECLARED_SELECTOR = YES;
				GCC_WARN_UNINITIALIZED_AUTOS = YES_AGGRESSIVE;
				GCC_WARN_UNUSED_FUNCTION = YES;
				GCC_WARN_UNUSED_VARIABLE = YES;
				IPHONEOS_DEPLOYMENT_TARGET = 18.5;
				LOCALIZATION_PREFERS_STRING_CATALOGS = YES;
				MTL_ENABLE_DEBUG_INFO = INCLUDE_SOURCE;
				MTL_FAST_MATH = YES;
				ONLY_ACTIVE_ARCH = YES;
				SDKROOT = iphoneos;
				SWIFT_ACTIVE_COMPILATION_CONDITIONS = "DEBUG $(inherited)";
				SWIFT_OPTIMIZATION_LEVEL = "-Onone";
			};
			name = Debug;
		};
		FAE11CA02EB7D2C400A1E406 /* Release */ = {
			isa = XCBuildConfiguration;
			buildSettings = {
				ALWAYS_SEARCH_USER_PATHS = NO;
				ASSETCATALOG_COMPILER_GENERATE_SWIFT_ASSET_SYMBOL_EXTENSIONS = YES;
				CLANG_ANALYZER_NONNULL = YES;
				CLANG_ANALYZER_NUMBER_OBJECT_CONVERSION = YES_AGGRESSIVE;
				CLANG_CXX_LANGUAGE_STANDARD = "gnu++20";
				CLANG_ENABLE_MODULES = YES;
				CLANG_ENABLE_OBJC_ARC = YES;
				CLANG_ENABLE_OBJC_WEAK = YES;
				CLANG_WARN_BLOCK_CAPTURE_AUTORELEASING = YES;
				CLANG_WARN_BOOL_CONVERSION = YES;
				CLANG_WARN_COMMA = YES;
				CLANG_WARN_CONSTANT_CONVERSION = YES;
				CLANG_WARN_DEPRECATED_OBJC_IMPLEMENTATIONS = YES;
				CLANG_WARN_DIRECT_OBJC_ISA_USAGE = YES_ERROR;
				CLANG_WARN_DOCUMENTATION_COMMENTS = YES;
				CLANG_WARN_EMPTY_BODY = YES;
				CLANG_WARN_ENUM_CONVERSION = YES;
				CLANG_WARN_INFINITE_RECURSION = YES;
				CLANG_WARN_INT_CONVERSION = YES;
				CLANG_WARN_NON_LITERAL_NULL_CONVERSION = YES;
				CLANG_WARN_OBJC_IMPLICIT_RETAIN_SELF = YES;
				CLANG_WARN_OBJC_LITERAL_CONVERSION = YES;
				CLANG_WARN_OBJC_ROOT_CLASS = YES_ERROR;
				CLANG_WARN_QUOTED_INCLUDE_IN_FRAMEWORK_HEADER = YES;
				CLANG_WARN_RANGE_LOOP_ANALYSIS = YES;
				CLANG_WARN_STRICT_PROTOTYPES = YES;
				CLANG_WARN_SUSPICIOUS_MOVE = YES;
				CLANG_WARN_UNGUARDED_AVAILABILITY = YES_AGGRESSIVE;
				CLANG_WARN_UNREACHABLE_CODE = YES;
				CLANG_WARN__DUPLICATE_METHOD_MATCH = YES;
				COPY_PHASE_STRIP = NO;
				DEBUG_INFORMATION_FORMAT = "dwarf-with-dsym";
				ENABLE_NS_ASSERTIONS = NO;
				ENABLE_STRICT_OBJC_MSGSEND = YES;
				ENABLE_USER_SCRIPT_SANDBOXING = YES;
				GCC_C_LANGUAGE_STANDARD = gnu17;
				GCC_NO_COMMON_BLOCKS = YES;
				GCC_WARN_64_TO_32_BIT_CONVERSION = YES;
				GCC_WARN_ABOUT_RETURN_TYPE = YES_ERROR;
				GCC_WARN_UNDECLARED_SELECTOR = YES;
				GCC_WARN_UNINITIALIZED_AUTOS = YES_AGGRESSIVE;
				GCC_WARN_UNUSED_FUNCTION = YES;
				GCC_WARN_UNUSED_VARIABLE = YES;
				IPHONEOS_DEPLOYMENT_TARGET = 18.5;
				LOCALIZATION_PREFERS_STRING_CATALOGS = YES;
				MTL_ENABLE_DEBUG_INFO = NO;
				MTL_FAST_MATH = YES;
				SDKROOT = iphoneos;
				SWIFT_COMPILATION_MODE = wholemodule;
				VALIDATE_PRODUCT = YES;
			};
			name = Release;
		};
		FAE11CA22EB7D2C400A1E406 /* Debug */ = {
			isa = XCBuildConfiguration;
			buildSettings = {
				ASSETCATALOG_COMPILER_APPICON_NAME = AppIcon;
				ASSETCATALOG_COMPILER_GLOBAL_ACCENT_COLOR_NAME = AccentColor;
				CODE_SIGN_ENTITLEMENTS = Labasniios/Labasniios.entitlements;
				CODE_SIGN_STYLE = Automatic;
				CURRENT_PROJECT_VERSION = 1;
				DEVELOPMENT_TEAM = KB2NZ987BG;
				ENABLE_PREVIEWS = YES;
				GENERATE_INFOPLIST_FILE = YES;
				INFOPLIST_FILE = Labasniios/Info.plist;
				INFOPLIST_KEY_NSCameraUsageDescription = "We need camera access to scan your clothes";
				INFOPLIST_KEY_NSPhotoLibraryAddUsageDescription = "We need to save the photo to your library";
				INFOPLIST_KEY_UIApplicationSceneManifest_Generation = YES;
				INFOPLIST_KEY_UIApplicationSupportsIndirectInputEvents = YES;
				INFOPLIST_KEY_UILaunchScreen_Generation = YES;
				INFOPLIST_KEY_UISupportedInterfaceOrientations_iPad = "UIInterfaceOrientationPortrait UIInterfaceOrientationPortraitUpsideDown UIInterfaceOrientationLandscapeLeft UIInterfaceOrientationLandscapeRight";
				INFOPLIST_KEY_UISupportedInterfaceOrientations_iPhone = "UIInterfaceOrientationPortrait UIInterfaceOrientationLandscapeLeft UIInterfaceOrientationLandscapeRight";
				LD_RUNPATH_SEARCH_PATHS = (
					"$(inherited)",
					"@executable_path/Frameworks",
				);
				MARKETING_VERSION = 1.0;
				PRODUCT_BUNDLE_IDENTIFIER = tn.esprit.styleto;
				PRODUCT_NAME = "$(TARGET_NAME)";
				SWIFT_EMIT_LOC_STRINGS = YES;
				SWIFT_VERSION = 5.0;
				TARGETED_DEVICE_FAMILY = "1,2";
			};
			name = Debug;
		};
		FAE11CA32EB7D2C400A1E406 /* Release */ = {
			isa = XCBuildConfiguration;
			buildSettings = {
				ASSETCATALOG_COMPILER_APPICON_NAME = AppIcon;
				ASSETCATALOG_COMPILER_GLOBAL_ACCENT_COLOR_NAME = AccentColor;
				CODE_SIGN_ENTITLEMENTS = Labasniios/Labasniios.entitlements;
				CODE_SIGN_STYLE = Automatic;
				CURRENT_PROJECT_VERSION = 1;
				DEVELOPMENT_TEAM = KB2NZ987BG;
				ENABLE_PREVIEWS = YES;
				GENERATE_INFOPLIST_FILE = YES;
				INFOPLIST_FILE = Labasniios/Info.plist;
				INFOPLIST_KEY_NSCameraUsageDescription = "We need camera access to scan your clothes";
				INFOPLIST_KEY_NSPhotoLibraryAddUsageDescription = "We need to save the photo to your library";
				INFOPLIST_KEY_UIApplicationSceneManifest_Generation = YES;
				INFOPLIST_KEY_UIApplicationSupportsIndirectInputEvents = YES;
				INFOPLIST_KEY_UILaunchScreen_Generation = YES;
				INFOPLIST_KEY_UISupportedInterfaceOrientations_iPad = "UIInterfaceOrientationPortrait UIInterfaceOrientationPortraitUpsideDown UIInterfaceOrientationLandscapeLeft UIInterfaceOrientationLandscapeRight";
				INFOPLIST_KEY_UISupportedInterfaceOrientations_iPhone = "UIInterfaceOrientationPortrait UIInterfaceOrientationLandscapeLeft UIInterfaceOrientationLandscapeRight";
				LD_RUNPATH_SEARCH_PATHS = (
					"$(inherited)",
					"@executable_path/Frameworks",
				);
				MARKETING_VERSION = 1.0;
				PRODUCT_BUNDLE_IDENTIFIER = tn.esprit.styleto;
				PRODUCT_NAME = "$(TARGET_NAME)";
				SWIFT_EMIT_LOC_STRINGS = YES;
				SWIFT_VERSION = 5.0;
				TARGETED_DEVICE_FAMILY = "1,2";
			};
			name = Release;
		};
		FAE11CA52EB7D2C400A1E406 /* Debug */ = {
			isa = XCBuildConfiguration;
			buildSettings = {
				BUNDLE_LOADER = "$(TEST_HOST)";
				CODE_SIGN_STYLE = Automatic;
				CURRENT_PROJECT_VERSION = 1;
				DEVELOPMENT_TEAM = Q32T3TBL2Q;
				GENERATE_INFOPLIST_FILE = YES;
				IPHONEOS_DEPLOYMENT_TARGET = 18.5;
				MARKETING_VERSION = 1.0;
				PRODUCT_BUNDLE_IDENTIFIER = esprit.tn.LabasniiosTests;
				PRODUCT_NAME = "$(TARGET_NAME)";
				SWIFT_EMIT_LOC_STRINGS = NO;
				SWIFT_VERSION = 5.0;
				TARGETED_DEVICE_FAMILY = "1,2";
				TEST_HOST = "$(BUILT_PRODUCTS_DIR)/Labasniios.app/$(BUNDLE_EXECUTABLE_FOLDER_PATH)/Labasniios";
			};
			name = Debug;
		};
		FAE11CA62EB7D2C400A1E406 /* Release */ = {
			isa = XCBuildConfiguration;
			buildSettings = {
				BUNDLE_LOADER = "$(TEST_HOST)";
				CODE_SIGN_STYLE = Automatic;
				CURRENT_PROJECT_VERSION = 1;
				DEVELOPMENT_TEAM = Q32T3TBL2Q;
				GENERATE_INFOPLIST_FILE = YES;
				IPHONEOS_DEPLOYMENT_TARGET = 18.5;
				MARKETING_VERSION = 1.0;
				PRODUCT_BUNDLE_IDENTIFIER = esprit.tn.LabasniiosTests;
				PRODUCT_NAME = "$(TARGET_NAME)";
				SWIFT_EMIT_LOC_STRINGS = NO;
				SWIFT_VERSION = 5.0;
				TARGETED_DEVICE_FAMILY = "1,2";
				TEST_HOST = "$(BUILT_PRODUCTS_DIR)/Labasniios.app/$(BUNDLE_EXECUTABLE_FOLDER_PATH)/Labasniios";
			};
			name = Release;
		};
		FAE11CA82EB7D2C400A1E406 /* Debug */ = {
			isa = XCBuildConfiguration;
			buildSettings = {
				CODE_SIGN_STYLE = Automatic;
				CURRENT_PROJECT_VERSION = 1;
				DEVELOPMENT_TEAM = Q32T3TBL2Q;
				GENERATE_INFOPLIST_FILE = YES;
				MARKETING_VERSION = 1.0;
				PRODUCT_BUNDLE_IDENTIFIER = esprit.tn.LabasniiosUITests;
				PRODUCT_NAME = "$(TARGET_NAME)";
				SWIFT_EMIT_LOC_STRINGS = NO;
				SWIFT_VERSION = 5.0;
				TARGETED_DEVICE_FAMILY = "1,2";
				TEST_TARGET_NAME = Labasniios;
			};
			name = Debug;
		};
		FAE11CA92EB7D2C400A1E406 /* Release */ = {
			isa = XCBuildConfiguration;
			buildSettings = {
				CODE_SIGN_STYLE = Automatic;
				CURRENT_PROJECT_VERSION = 1;
				DEVELOPMENT_TEAM = Q32T3TBL2Q;
				GENERATE_INFOPLIST_FILE = YES;
				MARKETING_VERSION = 1.0;
				PRODUCT_BUNDLE_IDENTIFIER = esprit.tn.LabasniiosUITests;
				PRODUCT_NAME = "$(TARGET_NAME)";
				SWIFT_EMIT_LOC_STRINGS = NO;
				SWIFT_VERSION = 5.0;
				TARGETED_DEVICE_FAMILY = "1,2";
				TEST_TARGET_NAME = Labasniios;
			};
			name = Release;
		};
/* End XCBuildConfiguration section */

/* Begin XCConfigurationList section */
		FAE11C762EB7D2C200A1E406 /* Build configuration list for PBXProject "Labasniios" */ = {
			isa = XCConfigurationList;
			buildConfigurations = (
				FAE11C9F2EB7D2C400A1E406 /* Debug */,
				FAE11CA02EB7D2C400A1E406 /* Release */,
			);
			defaultConfigurationIsVisible = 0;
			defaultConfigurationName = Release;
		};
		FAE11CA12EB7D2C400A1E406 /* Build configuration list for PBXNativeTarget "Labasniios" */ = {
			isa = XCConfigurationList;
			buildConfigurations = (
				FAE11CA22EB7D2C400A1E406 /* Debug */,
				FAE11CA32EB7D2C400A1E406 /* Release */,
			);
			defaultConfigurationIsVisible = 0;
			defaultConfigurationName = Release;
		};
		FAE11CA42EB7D2C400A1E406 /* Build configuration list for PBXNativeTarget "LabasniiosTests" */ = {
			isa = XCConfigurationList;
			buildConfigurations = (
				FAE11CA52EB7D2C400A1E406 /* Debug */,
				FAE11CA62EB7D2C400A1E406 /* Release */,
			);
			defaultConfigurationIsVisible = 0;
			defaultConfigurationName = Release;
		};
		FAE11CA72EB7D2C400A1E406 /* Build configuration list for PBXNativeTarget "LabasniiosUITests" */ = {
			isa = XCConfigurationList;
			buildConfigurations = (
				FAE11CA82EB7D2C400A1E406 /* Debug */,
				FAE11CA92EB7D2C400A1E406 /* Release */,
			);
			defaultConfigurationIsVisible = 0;
			defaultConfigurationName = Release;
		};
/* End XCConfigurationList section */

/* Begin XCRemoteSwiftPackageReference section */
		00431A762ED08D23005C5B4C /* XCRemoteSwiftPackageReference "socket" */ = {
			isa = XCRemoteSwiftPackageReference;
			repositoryURL = "https://github.com/socketio/socket.io-client-swift";
			requirement = {
				branch = master;
				kind = branch;
			};
		};
		00560EA42EC08F4D00D2AA0A /* XCRemoteSwiftPackageReference "GoogleSignIn-iOS" */ = {
			isa = XCRemoteSwiftPackageReference;
			repositoryURL = "https://github.com/google/GoogleSignIn-iOS";
			requirement = {
				kind = upToNextMajorVersion;
				minimumVersion = 9.0.0;
			};
		};
		00F6A9692ED4934700685C59 /* XCRemoteSwiftPackageReference "stripe-ios" */ = {
			isa = XCRemoteSwiftPackageReference;
			repositoryURL = "https://github.com/stripe/stripe-ios";
			requirement = {
				kind = upToNextMajorVersion;
				minimumVersion = 25.1.0;
			};
		};
/* End XCRemoteSwiftPackageReference section */

/* Begin XCSwiftPackageProductDependency section */
		00431B202ED08FD0005C5B4C /* SocketIO */ = {
			isa = XCSwiftPackageProductDependency;
			package = 00431A762ED08D23005C5B4C /* XCRemoteSwiftPackageReference "socket" */;
			productName = SocketIO;
		};
		00560EA52EC08F4D00D2AA0A /* GoogleSignIn */ = {
			isa = XCSwiftPackageProductDependency;
			package = 00560EA42EC08F4D00D2AA0A /* XCRemoteSwiftPackageReference "GoogleSignIn-iOS" */;
			productName = GoogleSignIn;
		};
		00560EA72EC08F4D00D2AA0A /* GoogleSignInSwift */ = {
			isa = XCSwiftPackageProductDependency;
			package = 00560EA42EC08F4D00D2AA0A /* XCRemoteSwiftPackageReference "GoogleSignIn-iOS" */;
			productName = GoogleSignInSwift;
		};
		00F6A96A2ED4934700685C59 /* Stripe */ = {
			isa = XCSwiftPackageProductDependency;
			package = 00F6A9692ED4934700685C59 /* XCRemoteSwiftPackageReference "stripe-ios" */;
			productName = Stripe;
		};
		00F6A96C2ED4934700685C59 /* StripeApplePay */ = {
			isa = XCSwiftPackageProductDependency;
			package = 00F6A9692ED4934700685C59 /* XCRemoteSwiftPackageReference "stripe-ios" */;
			productName = StripeApplePay;
		};
		00F6A96E2ED4934700685C59 /* StripeCardScan */ = {
			isa = XCSwiftPackageProductDependency;
			package = 00F6A9692ED4934700685C59 /* XCRemoteSwiftPackageReference "stripe-ios" */;
			productName = StripeCardScan;
		};
		00F6A9702ED4934700685C59 /* StripeConnect */ = {
			isa = XCSwiftPackageProductDependency;
			package = 00F6A9692ED4934700685C59 /* XCRemoteSwiftPackageReference "stripe-ios" */;
			productName = StripeConnect;
		};
		00F6A9722ED4934700685C59 /* StripeFinancialConnections */ = {
			isa = XCSwiftPackageProductDependency;
			package = 00F6A9692ED4934700685C59 /* XCRemoteSwiftPackageReference "stripe-ios" */;
			productName = StripeFinancialConnections;
		};
		00F6A9742ED4934700685C59 /* StripeIdentity */ = {
			isa = XCSwiftPackageProductDependency;
			package = 00F6A9692ED4934700685C59 /* XCRemoteSwiftPackageReference "stripe-ios" */;
			productName = StripeIdentity;
		};
		00F6A9762ED4934700685C59 /* StripeIssuing */ = {
			isa = XCSwiftPackageProductDependency;
			package = 00F6A9692ED4934700685C59 /* XCRemoteSwiftPackageReference "stripe-ios" */;
			productName = StripeIssuing;
		};
		00F6A9782ED4934700685C59 /* StripePaymentSheet */ = {
			isa = XCSwiftPackageProductDependency;
			package = 00F6A9692ED4934700685C59 /* XCRemoteSwiftPackageReference "stripe-ios" */;
			productName = StripePaymentSheet;
		};
		00F6A97A2ED4934700685C59 /* StripePayments */ = {
			isa = XCSwiftPackageProductDependency;
			package = 00F6A9692ED4934700685C59 /* XCRemoteSwiftPackageReference "stripe-ios" */;
			productName = StripePayments;
		};
		00F6A97C2ED4934700685C59 /* StripePaymentsUI */ = {
			isa = XCSwiftPackageProductDependency;
			package = 00F6A9692ED4934700685C59 /* XCRemoteSwiftPackageReference "stripe-ios" */;
			productName = StripePaymentsUI;
		};
/* End XCSwiftPackageProductDependency section */
	};
	rootObject = FAE11C732EB7D2C200A1E406 /* Project object */;
}
